
Microsoft Visual Studio Solution File, Format Version 12.00
# Visual Studio 15
Project("{FAE04EC0-301F-11D3-BF4B-00C04F79EFBC}") = "spine-unity", "spine-unity.csproj", "{7C1647F0-F7B5-37FA-D179-4B7204C4B5AB}"
EndProject
Project("{FAE04EC0-301F-11D3-BF4B-00C04F79EFBC}") = "Assembly-CSharp", "Assembly-CSharp.csproj", "{4ECD39C0-5375-941F-75EF-EDEBA21F0481}"
EndProject
Project("{FAE04EC0-301F-11D3-BF4B-00C04F79EFBC}") = "spine-unity-editor", "spine-unity-editor.csproj", "{DBCAD7B1-5FAB-79C8-CCD1-600E782F0D5B}"
EndProject
Global
	GlobalSection(SolutionConfigurationPlatforms) = preSolution
		Debug|Any CPU = Debug|Any CPU
		Release|Any CPU = Release|Any CPU
	EndGlobalSection
	GlobalSection(ProjectConfigurationPlatforms) = postSolution
		{7C1647F0-F7B5-37FA-D179-4B7204C4B5AB}.Debug|Any CPU.ActiveCfg = Debug|Any CPU
		{7C1647F0-F7B5-37FA-D179-4B7204C4B5AB}.Debug|Any CPU.Build.0 = Debug|Any CPU
		{7C1647F0-F7B5-37FA-D179-4B7204C4B5AB}.Release|Any CPU.ActiveCfg = Release|Any CPU
		{7C1647F0-F7B5-37FA-D179-4B7204C4B5AB}.Release|Any CPU.Build.0 = Release|Any CPU
		{4ECD39C0-5375-941F-75EF-EDEBA21F0481}.Debug|Any CPU.ActiveCfg = Debug|Any CPU
		{4ECD39C0-5375-941F-75EF-EDEBA21F0481}.Debug|Any CPU.Build.0 = Debug|Any CPU
		{4ECD39C0-5375-941F-75EF-EDEBA21F0481}.Release|Any CPU.ActiveCfg = Release|Any CPU
		{4ECD39C0-5375-941F-75EF-EDEBA21F0481}.Release|Any CPU.Build.0 = Release|Any CPU
		{DBCAD7B1-5FAB-79C8-CCD1-600E782F0D5B}.Debug|Any CPU.ActiveCfg = Debug|Any CPU
		{DBCAD7B1-5FAB-79C8-CCD1-600E782F0D5B}.Debug|Any CPU.Build.0 = Debug|Any CPU
		{DBCAD7B1-5FAB-79C8-CCD1-600E782F0D5B}.Release|Any CPU.ActiveCfg = Release|Any CPU
		{DBCAD7B1-5FAB-79C8-CCD1-600E782F0D5B}.Release|Any CPU.Build.0 = Release|Any CPU
	EndGlobalSection
	GlobalSection(SolutionProperties) = preSolution
		HideSolutionNode = FALSE
	EndGlobalSection
EndGlobal
